
Microsoft Visual Studio Solution File, Format Version 12.00
# Visual Studio Version 17
VisualStudioVersion = 17.9.34723.18
MinimumVisualStudioVersion = 10.0.40219.1
Project("{FAE04EC0-301F-11D3-BF4B-00C04F79EFBC}") = "ESCAPE_project", "ESCAPE_project.csproj", "{9FB717F8-B41C-460D-9F83-98DF68343466}"
EndProject
Project("{FAE04EC0-301F-11D3-BF4B-00C04F79EFBC}") = "CatchDigda", "..\CatchDigda\CatchDigda.csproj", "{5F6FBE8A-72E1-4EAA-8838-D706F5F9A073}"
EndProject
Project("{FAE04EC0-301F-11D3-BF4B-00C04F79EFBC}") = "MemoryGame", "..\MemoryGame\MemoryGame\MemoryGame.csproj", "{A010AB74-1BA5-4507-BD57-22F1EBEE0224}"
EndProject
Project("{FAE04EC0-301F-11D3-BF4B-00C04F79EFBC}") = "sokoban", "..\sokoban\sokoban\sokoban.csproj", "{89CCA122-AA06-48AD-9129-7C0CFAEBE69C}"
EndProject
Project("{FAE04EC0-301F-11D3-BF4B-00C04F79EFBC}") = "LeftOrRightGame", "..\LeftOrRightGame\LeftOrRightGame\LeftOrRightGame.csproj", "{1684447E-D8D7-4E20-82FF-027D6F70DAA5}"
EndProject
Global
	GlobalSection(SolutionConfigurationPlatforms) = preSolution
		Debug|Any CPU = Debug|Any CPU
		Release|Any CPU = Release|Any CPU
	EndGlobalSection
	GlobalSection(ProjectConfigurationPlatforms) = postSolution
		{9FB717F8-B41C-460D-9F83-98DF68343466}.Debug|Any CPU.ActiveCfg = Debug|Any CPU
		{9FB717F8-B41C-460D-9F83-98DF68343466}.Debug|Any CPU.Build.0 = Debug|Any CPU
		{9FB717F8-B41C-460D-9F83-98DF68343466}.Release|Any CPU.ActiveCfg = Release|Any CPU
		{9FB717F8-B41C-460D-9F83-98DF68343466}.Release|Any CPU.Build.0 = Release|Any CPU
		{5F6FBE8A-72E1-4EAA-8838-D706F5F9A073}.Debug|Any CPU.ActiveCfg = Debug|Any CPU
		{5F6FBE8A-72E1-4EAA-8838-D706F5F9A073}.Debug|Any CPU.Build.0 = Debug|Any CPU
		{5F6FBE8A-72E1-4EAA-8838-D706F5F9A073}.Release|Any CPU.ActiveCfg = Release|Any CPU
		{5F6FBE8A-72E1-4EAA-8838-D706F5F9A073}.Release|Any CPU.Build.0 = Release|Any CPU
		{A010AB74-1BA5-4507-BD57-22F1EBEE0224}.Debug|Any CPU.ActiveCfg = Debug|Any CPU
		{A010AB74-1BA5-4507-BD57-22F1EBEE0224}.Debug|Any CPU.Build.0 = Debug|Any CPU
		{A010AB74-1BA5-4507-BD57-22F1EBEE0224}.Release|Any CPU.ActiveCfg = Release|Any CPU
		{A010AB74-1BA5-4507-BD57-22F1EBEE0224}.Release|Any CPU.Build.0 = Release|Any CPU
		{89CCA122-AA06-48AD-9129-7C0CFAEBE69C}.Debug|Any CPU.ActiveCfg = Debug|Any CPU
		{89CCA122-AA06-48AD-9129-7C0CFAEBE69C}.Debug|Any CPU.Build.0 = Debug|Any CPU
		{89CCA122-AA06-48AD-9129-7C0CFAEBE69C}.Release|Any CPU.ActiveCfg = Release|Any CPU
		{89CCA122-AA06-48AD-9129-7C0CFAEBE69C}.Release|Any CPU.Build.0 = Release|Any CPU
		{1684447E-D8D7-4E20-82FF-027D6F70DAA5}.Debug|Any CPU.ActiveCfg = Debug|Any CPU
		{1684447E-D8D7-4E20-82FF-027D6F70DAA5}.Debug|Any CPU.Build.0 = Debug|Any CPU
		{1684447E-D8D7-4E20-82FF-027D6F70DAA5}.Release|Any CPU.ActiveCfg = Release|Any CPU
		{1684447E-D8D7-4E20-82FF-027D6F70DAA5}.Release|Any CPU.Build.0 = Release|Any CPU
	EndGlobalSection
	GlobalSection(SolutionProperties) = preSolution
		HideSolutionNode = FALSE
	EndGlobalSection
	GlobalSection(ExtensibilityGlobals) = postSolution
		SolutionGuid = {301AFA16-A74C-414D-9955-3589A9ABDD13}
	EndGlobalSection
EndGlobal
